// !$*UTF8*$!
{
	archiveVersion = 1;
	classes = {
	};
	objectVersion = 56;
	objects = {

/* Begin PBXBuildFile section */
		251E12352911FEE300BE9833 /* SDWebImage in Frameworks */ = {isa = PBXBuildFile; productRef = 251E12342911FEE300BE9833 /* SDWebImage */; };
		2587E9D4291326AE0005D465 /* InfoView.swift in Sources */ = {isa = PBXBuildFile; fileRef = 2587E9D3291326AE0005D465 /* InfoView.swift */; };
		2587E9D6291344790005D465 /* MoreInfoController.swift in Sources */ = {isa = PBXBuildFile; fileRef = 2587E9D5291344790005D465 /* MoreInfoController.swift */; };
		259A47C4290F59A6009E47A0 /* AppDelegate.swift in Sources */ = {isa = PBXBuildFile; fileRef = 259A47C3290F59A6009E47A0 /* AppDelegate.swift */; };
		259A47C6290F59A6009E47A0 /* SceneDelegate.swift in Sources */ = {isa = PBXBuildFile; fileRef = 259A47C5290F59A6009E47A0 /* SceneDelegate.swift */; };
		259A47CD290F59A7009E47A0 /* Assets.xcassets in Resources */ = {isa = PBXBuildFile; fileRef = 259A47CC290F59A7009E47A0 /* Assets.xcassets */; };
		259A47D0290F59A7009E47A0 /* LaunchScreen.storyboard in Resources */ = {isa = PBXBuildFile; fileRef = 259A47CE290F59A7009E47A0 /* LaunchScreen.storyboard */; };
		259A47DD290F59F9009E47A0 /* PokedexController.swift in Sources */ = {isa = PBXBuildFile; fileRef = 259A47DC290F59F9009E47A0 /* PokedexController.swift */; };
		259A47DF290F5A78009E47A0 /* Extensions.swift in Sources */ = {isa = PBXBuildFile; fileRef = 259A47DE290F5A78009E47A0 /* Extensions.swift */; };
		259A47E1290F9033009E47A0 /* PokedexCell.swift in Sources */ = {isa = PBXBuildFile; fileRef = 259A47E0290F9033009E47A0 /* PokedexCell.swift */; };
		259A48382910A6C7009E47A0 /* Pokemon.swift in Sources */ = {isa = PBXBuildFile; fileRef = 259A48372910A6C7009E47A0 /* Pokemon.swift */; };
		259A483A2910AA7C009E47A0 /* Service.swift in Sources */ = {isa = PBXBuildFile; fileRef = 259A48392910AA7C009E47A0 /* Service.swift */; };
/* End PBXBuildFile section */

/* Begin PBXFileReference section */
		2587E9D3291326AE0005D465 /* InfoView.swift */ = {isa = PBXFileReference; lastKnownFileType = sourcecode.swift; path = InfoView.swift; sourceTree = "<group>"; };
		2587E9D5291344790005D465 /* MoreInfoController.swift */ = {isa = PBXFileReference; lastKnownFileType = sourcecode.swift; path = MoreInfoController.swift; sourceTree = "<group>"; };
		259A47C0290F59A6009E47A0 /* Pokedex UIkit.app */ = {isa = PBXFileReference; explicitFileType = wrapper.application; includeInIndex = 0; path = "Pokedex UIkit.app"; sourceTree = BUILT_PRODUCTS_DIR; };
		259A47C3290F59A6009E47A0 /* AppDelegate.swift */ = {isa = PBXFileReference; lastKnownFileType = sourcecode.swift; path = AppDelegate.swift; sourceTree = "<group>"; };
		259A47C5290F59A6009E47A0 /* SceneDelegate.swift */ = {isa = PBXFileReference; lastKnownFileType = sourcecode.swift; path = SceneDelegate.swift; sourceTree = "<group>"; };
		259A47CC290F59A7009E47A0 /* Assets.xcassets */ = {isa = PBXFileReference; lastKnownFileType = folder.assetcatalog; path = Assets.xcassets; sourceTree = "<group>"; };
		259A47CF290F59A7009E47A0 /* Base */ = {isa = PBXFileReference; lastKnownFileType = file.storyboard; name = Base; path = Base.lproj/LaunchScreen.storyboard; sourceTree = "<group>"; };
		259A47D1290F59A7009E47A0 /* Info.plist */ = {isa = PBXFileReference; lastKnownFileType = text.plist.xml; path = Info.plist; sourceTree = "<group>"; };
		259A47DC290F59F9009E47A0 /* PokedexController.swift */ = {isa = PBXFileReference; lastKnownFileType = sourcecode.swift; path = PokedexController.swift; sourceTree = "<group>"; };
		259A47DE290F5A78009E47A0 /* Extensions.swift */ = {isa = PBXFileReference; lastKnownFileType = sourcecode.swift; path = Extensions.swift; sourceTree = "<group>"; };
		259A47E0290F9033009E47A0 /* PokedexCell.swift */ = {isa = PBXFileReference; lastKnownFileType = sourcecode.swift; path = PokedexCell.swift; sourceTree = "<group>"; };
		259A48372910A6C7009E47A0 /* Pokemon.swift */ = {isa = PBXFileReference; lastKnownFileType = sourcecode.swift; path = Pokemon.swift; sourceTree = "<group>"; };
		259A48392910AA7C009E47A0 /* Service.swift */ = {isa = PBXFileReference; lastKnownFileType = sourcecode.swift; path = Service.swift; sourceTree = "<group>"; };
/* End PBXFileReference section */

/* Begin PBXFrameworksBuildPhase section */
		259A47BD290F59A6009E47A0 /* Frameworks */ = {
			isa = PBXFrameworksBuildPhase;
			buildActionMask = 2147483647;
			files = (
				251E12352911FEE300BE9833 /* SDWebImage in Frameworks */,
			);
			runOnlyForDeploymentPostprocessing = 0;
		};
/* End PBXFrameworksBuildPhase section */

/* Begin PBXGroup section */
		259A47B7290F59A6009E47A0 = {
			isa = PBXGroup;
			children = (
				259A47C2290F59A6009E47A0 /* Pokedex UIkit */,
				259A47C1290F59A6009E47A0 /* Products */,
			);
			sourceTree = "<group>";
		};
		259A47C1290F59A6009E47A0 /* Products */ = {
			isa = PBXGroup;
			children = (
				259A47C0290F59A6009E47A0 /* Pokedex UIkit.app */,
			);
			name = Products;
			sourceTree = "<group>";
		};
		259A47C2290F59A6009E47A0 /* Pokedex UIkit */ = {
			isa = PBXGroup;
			children = (
				259A47DB290F59D0009E47A0 /* Model */,
				259A47DA290F59CE009E47A0 /* View */,
				259A47D9290F59CB009E47A0 /* Controller */,
				259A47D8290F59C8009E47A0 /* Service */,
				259A47D7290F59C5009E47A0 /* Utils */,
				259A47C3290F59A6009E47A0 /* AppDelegate.swift */,
				259A47C5290F59A6009E47A0 /* SceneDelegate.swift */,
				259A47CC290F59A7009E47A0 /* Assets.xcassets */,
				259A47CE290F59A7009E47A0 /* LaunchScreen.storyboard */,
				259A47D1290F59A7009E47A0 /* Info.plist */,
			);
			path = "Pokedex UIkit";
			sourceTree = "<group>";
		};
		259A47D7290F59C5009E47A0 /* Utils */ = {
			isa = PBXGroup;
			children = (
				259A47DE290F5A78009E47A0 /* Extensions.swift */,
			);
			path = Utils;
			sourceTree = "<group>";
		};
		259A47D8290F59C8009E47A0 /* Service */ = {
			isa = PBXGroup;
			children = (
				259A48392910AA7C009E47A0 /* Service.swift */,
			);
			path = Service;
			sourceTree = "<group>";
		};
		259A47D9290F59CB009E47A0 /* Controller */ = {
			isa = PBXGroup;
			children = (
				259A47DC290F59F9009E47A0 /* PokedexController.swift */,
				2587E9D5291344790005D465 /* MoreInfoController.swift */,
			);
			path = Controller;
			sourceTree = "<group>";
		};
		259A47DA290F59CE009E47A0 /* View */ = {
			isa = PBXGroup;
			children = (
				259A47E0290F9033009E47A0 /* PokedexCell.swift */,
				2587E9D3291326AE0005D465 /* InfoView.swift */,
			);
			path = View;
			sourceTree = "<group>";
		};
		259A47DB290F59D0009E47A0 /* Model */ = {
			isa = PBXGroup;
			children = (
				259A48372910A6C7009E47A0 /* Pokemon.swift */,
			);
			path = Model;
			sourceTree = "<group>";
		};
/* End PBXGroup section */

/* Begin PBXNativeTarget section */
		259A47BF290F59A6009E47A0 /* Pokedex UIkit */ = {
			isa = PBXNativeTarget;
			buildConfigurationList = 259A47D4290F59A7009E47A0 /* Build configuration list for PBXNativeTarget "Pokedex UIkit" */;
			buildPhases = (
				259A47BC290F59A6009E47A0 /* Sources */,
				259A47BD290F59A6009E47A0 /* Frameworks */,
				259A47BE290F59A6009E47A0 /* Resources */,
			);
			buildRules = (
			);
			dependencies = (
			);
			name = "Pokedex UIkit";
			packageProductDependencies = (
				251E12342911FEE300BE9833 /* SDWebImage */,
			);
			productName = "Pokedex UIkit";
			productReference = 259A47C0290F59A6009E47A0 /* Pokedex UIkit.app */;
			productType = "com.apple.product-type.application";
		};
/* End PBXNativeTarget section */

/* Begin PBXProject section */
		259A47B8290F59A6009E47A0 /* Project object */ = {
			isa = PBXProject;
			attributes = {
				BuildIndependentTargetsInParallel = 1;
				LastSwiftUpdateCheck = 1400;
				LastUpgradeCheck = 1400;
				TargetAttributes = {
					259A47BF290F59A6009E47A0 = {
						CreatedOnToolsVersion = 14.0.1;
					};
				};
			};
			buildConfigurationList = 259A47BB290F59A6009E47A0 /* Build configuration list for PBXProject "Pokedex UIkit" */;
			compatibilityVersion = "Xcode 14.0";
			developmentRegion = en;
			hasScannedForEncodings = 0;
			knownRegions = (
				en,
				Base,
			);
			mainGroup = 259A47B7290F59A6009E47A0;
			packageReferences = (
				251E12332911FEE300BE9833 /* XCRemoteSwiftPackageReference "SDWebImage" */,
			);
			productRefGroup = 259A47C1290F59A6009E47A0 /* Products */;
			projectDirPath = "";
			projectRoot = "";
			targets = (
				259A47BF290F59A6009E47A0 /* Pokedex UIkit */,
			);
		};
/* End PBXProject section */

/* Begin PBXResourcesBuildPhase section */
		259A47BE290F59A6009E47A0 /* Resources */ = {
			isa = PBXResourcesBuildPhase;
			buildActionMask = 2147483647;
			files = (
				259A47D0290F59A7009E47A0 /* LaunchScreen.storyboard in Resources */,
				259A47CD290F59A7009E47A0 /* Assets.xcassets in Resources */,
			);
			runOnlyForDeploymentPostprocessing = 0;
		};
/* End PBXResourcesBuildPhase section */

/* Begin PBXSourcesBuildPhase section */
		259A47BC290F59A6009E47A0 /* Sources */ = {
			isa = PBXSourcesBuildPhase;
			buildActionMask = 2147483647;
			files = (
				2587E9D4291326AE0005D465 /* InfoView.swift in Sources */,
				259A47C4290F59A6009E47A0 /* AppDelegate.swift in Sources */,
				2587E9D6291344790005D465 /* MoreInfoController.swift in Sources */,
				259A483A2910AA7C009E47A0 /* Service.swift in Sources */,
				259A47DD290F59F9009E47A0 /* PokedexController.swift in Sources */,
				259A47C6290F59A6009E47A0 /* SceneDelegate.swift in Sources */,
				259A47DF290F5A78009E47A0 /* Extensions.swift in Sources */,
				259A47E1290F9033009E47A0 /* PokedexCell.swift in Sources */,
				259A48382910A6C7009E47A0 /* Pokemon.swift in Sources */,
			);
			runOnlyForDeploymentPostprocessing = 0;
		};
/* End PBXSourcesBuildPhase section */

/* Begin PBXVariantGroup section */
		259A47CE290F59A7009E47A0 /* LaunchScreen.storyboard */ = {
			isa = PBXVariantGroup;
			children = (
				259A47CF290F59A7009E47A0 /* Base */,
			);
			name = LaunchScreen.storyboard;
			sourceTree = "<group>";
		};
/* End PBXVariantGroup section */

/* Begin XCBuildConfiguration section */
		259A47D2290F59A7009E47A0 /* Debug */ = {
			isa = XCBuildConfiguration;
			buildSettings = {
				ALWAYS_SEARCH_USER_PATHS = NO;
				CLANG_ANALYZER_NONNULL = YES;
				CLANG_ANALYZER_NUMBER_OBJECT_CONVERSION = YES_AGGRESSIVE;
				CLANG_CXX_LANGUAGE_STANDARD = "gnu++20";
				CLANG_ENABLE_MODULES = YES;
				CLANG_ENABLE_OBJC_ARC = YES;
				CLANG_ENABLE_OBJC_WEAK = YES;
				CLANG_WARN_BLOCK_CAPTURE_AUTORELEASING = YES;
				CLANG_WARN_BOOL_CONVERSION = YES;
				CLANG_WARN_COMMA = YES;
				CLANG_WARN_CONSTANT_CONVERSION = YES;
				CLANG_WARN_DEPRECATED_OBJC_IMPLEMENTATIONS = YES;
				CLANG_WARN_DIRECT_OBJC_ISA_USAGE = YES_ERROR;
				CLANG_WARN_DOCUMENTATION_COMMENTS = YES;
				CLANG_WARN_EMPTY_BODY = YES;
				CLANG_WARN_ENUM_CONVERSION = YES;
				CLANG_WARN_INFINITE_RECURSION = YES;
				CLANG_WARN_INT_CONVERSION = YES;
				CLANG_WARN_NON_LITERAL_NULL_CONVERSION = YES;
				CLANG_WARN_OBJC_IMPLICIT_RETAIN_SELF = YES;
				CLANG_WARN_OBJC_LITERAL_CONVERSION = YES;
				CLANG_WARN_OBJC_ROOT_CLASS = YES_ERROR;
				CLANG_WARN_QUOTED_INCLUDE_IN_FRAMEWORK_HEADER = YES;
				CLANG_WARN_RANGE_LOOP_ANALYSIS = YES;
				CLANG_WARN_STRICT_PROTOTYPES = YES;
				CLANG_WARN_SUSPICIOUS_MOVE = YES;
				CLANG_WARN_UNGUARDED_AVAILABILITY = YES_AGGRESSIVE;
				CLANG_WARN_UNREACHABLE_CODE = YES;
				CLANG_WARN__DUPLICATE_METHOD_MATCH = YES;
				COPY_PHASE_STRIP = NO;
				DEBUG_INFORMATION_FORMAT = dwarf;
				ENABLE_STRICT_OBJC_MSGSEND = YES;
				ENABLE_TESTABILITY = YES;
				GCC_C_LANGUAGE_STANDARD = gnu11;
				GCC_DYNAMIC_NO_PIC = NO;
				GCC_NO_COMMON_BLOCKS = YES;
				GCC_OPTIMIZATION_LEVEL = 0;
				GCC_PREPROCESSOR_DEFINITIONS = (
					"DEBUG=1",
					"$(inherited)",
				);
				GCC_WARN_64_TO_32_BIT_CONVERSION = YES;
				GCC_WARN_ABOUT_RETURN_TYPE = YES_ERROR;
				GCC_WARN_UNDECLARED_SELECTOR = YES;
				GCC_WARN_UNINITIALIZED_AUTOS = YES_AGGRESSIVE;
				GCC_WARN_UNUSED_FUNCTION = YES;
				GCC_WARN_UNUSED_VARIABLE = YES;
				IPHONEOS_DEPLOYMENT_TARGET = 16.0;
				MTL_ENABLE_DEBUG_INFO = INCLUDE_SOURCE;
				MTL_FAST_MATH = YES;
				ONLY_ACTIVE_ARCH = YES;
				SDKROOT = iphoneos;
				SWIFT_ACTIVE_COMPILATION_CONDITIONS = DEBUG;
				SWIFT_OPTIMIZATION_LEVEL = "-Onone";
			};
			name = Debug;
		};
		259A47D3290F59A7009E47A0 /* Release */ = {
			isa = XCBuildConfiguration;
			buildSettings = {
				ALWAYS_SEARCH_USER_PATHS = NO;
				CLANG_ANALYZER_NONNULL = YES;
				CLANG_ANALYZER_NUMBER_OBJECT_CONVERSION = YES_AGGRESSIVE;
				CLANG_CXX_LANGUAGE_STANDARD = "gnu++20";
				CLANG_ENABLE_MODULES = YES;
				CLANG_ENABLE_OBJC_ARC = YES;
				CLANG_ENABLE_OBJC_WEAK = YES;
				CLANG_WARN_BLOCK_CAPTURE_AUTORELEASING = YES;
				CLANG_WARN_BOOL_CONVERSION = YES;
				CLANG_WARN_COMMA = YES;
				CLANG_WARN_CONSTANT_CONVERSION = YES;
				CLANG_WARN_DEPRECATED_OBJC_IMPLEMENTATIONS = YES;
				CLANG_WARN_DIRECT_OBJC_ISA_USAGE = YES_ERROR;
				CLANG_WARN_DOCUMENTATION_COMMENTS = YES;
				CLANG_WARN_EMPTY_BODY = YES;
				CLANG_WARN_ENUM_CONVERSION = YES;
				CLANG_WARN_INFINITE_RECURSION = YES;
				CLANG_WARN_INT_CONVERSION = YES;
				CLANG_WARN_NON_LITERAL_NULL_CONVERSION = YES;
				CLANG_WARN_OBJC_IMPLICIT_RETAIN_SELF = YES;
				CLANG_WARN_OBJC_LITERAL_CONVERSION = YES;
				CLANG_WARN_OBJC_ROOT_CLASS = YES_ERROR;
				CLANG_WARN_QUOTED_INCLUDE_IN_FRAMEWORK_HEADER = YES;
				CLANG_WARN_RANGE_LOOP_ANALYSIS = YES;
				CLANG_WARN_STRICT_PROTOTYPES = YES;
				CLANG_WARN_SUSPICIOUS_MOVE = YES;
				CLANG_WARN_UNGUARDED_AVAILABILITY = YES_AGGRESSIVE;
				CLANG_WARN_UNREACHABLE_CODE = YES;
				CLANG_WARN__DUPLICATE_METHOD_MATCH = YES;
				COPY_PHASE_STRIP = NO;
				DEBUG_INFORMATION_FORMAT = "dwarf-with-dsym";
				ENABLE_NS_ASSERTIONS = NO;
				ENABLE_STRICT_OBJC_MSGSEND = YES;
				GCC_C_LANGUAGE_STANDARD = gnu11;
				GCC_NO_COMMON_BLOCKS = YES;
				GCC_WARN_64_TO_32_BIT_CONVERSION = YES;
				GCC_WARN_ABOUT_RETURN_TYPE = YES_ERROR;
				GCC_WARN_UNDECLARED_SELECTOR = YES;
				GCC_WARN_UNINITIALIZED_AUTOS = YES_AGGRESSIVE;
				GCC_WARN_UNUSED_FUNCTION = YES;
				GCC_WARN_UNUSED_VARIABLE = YES;
				IPHONEOS_DEPLOYMENT_TARGET = 16.0;
				MTL_ENABLE_DEBUG_INFO = NO;
				MTL_FAST_MATH = YES;
				SDKROOT = iphoneos;
				SWIFT_COMPILATION_MODE = wholemodule;
				SWIFT_OPTIMIZATION_LEVEL = "-O";
				VALIDATE_PRODUCT = YES;
			};
			name = Release;
		};
		259A47D5290F59A7009E47A0 /* Debug */ = {
			isa = XCBuildConfiguration;
			buildSettings = {
				ASSETCATALOG_COMPILER_APPICON_NAME = AppIcon;
				ASSETCATALOG_COMPILER_GLOBAL_ACCENT_COLOR_NAME = AccentColor;
				CODE_SIGN_STYLE = Automatic;
				CURRENT_PROJECT_VERSION = 1;
				DEVELOPMENT_TEAM = 7SA8N5B57Q;
				GENERATE_INFOPLIST_FILE = YES;
				INFOPLIST_FILE = "Pokedex UIkit/Info.plist";
				INFOPLIST_KEY_UIApplicationSupportsIndirectInputEvents = YES;
				INFOPLIST_KEY_UILaunchStoryboardName = LaunchScreen;
				INFOPLIST_KEY_UISupportedInterfaceOrientations_iPad = "UIInterfaceOrientationPortrait UIInterfaceOrientationPortraitUpsideDown UIInterfaceOrientationLandscapeLeft UIInterfaceOrientationLandscapeRight";
				INFOPLIST_KEY_UISupportedInterfaceOrientations_iPhone = "UIInterfaceOrientationPortrait UIInterfaceOrientationLandscapeLeft UIInterfaceOrientationLandscapeRight";
				LD_RUNPATH_SEARCH_PATHS = (
					"$(inherited)",
					"@executable_path/Frameworks",
				);
				MARKETING_VERSION = 1.0;
				PRODUCT_BUNDLE_IDENTIFIER = "com.aliapps.Pokedex-UIkit";
				PRODUCT_NAME = "$(TARGET_NAME)";
				SWIFT_EMIT_LOC_STRINGS = YES;
				SWIFT_VERSION = 5.0;
				TARGETED_DEVICE_FAMILY = "1,2";
			};
			name = Debug;
		};
		259A47D6290F59A7009E47A0 /* Release */ = {
			isa = XCBuildConfiguration;
			buildSettings = {
				ASSETCATALOG_COMPILER_APPICON_NAME = AppIcon;
				ASSETCATALOG_COMPILER_GLOBAL_ACCENT_COLOR_NAME = AccentColor;
				CODE_SIGN_STYLE = Automatic;
				CURRENT_PROJECT_VERSION = 1;
				DEVELOPMENT_TEAM = 7SA8N5B57Q;
				GENERATE_INFOPLIST_FILE = YES;
				INFOPLIST_FILE = "Pokedex UIkit/Info.plist";
				INFOPLIST_KEY_UIApplicationSupportsIndirectInputEvents = YES;
				INFOPLIST_KEY_UILaunchStoryboardName = LaunchScreen;
				INFOPLIST_KEY_UISupportedInterfaceOrientations_iPad = "UIInterfaceOrientationPortrait UIInterfaceOrientationPortraitUpsideDown UIInterfaceOrientationLandscapeLeft UIInterfaceOrientationLandscapeRight";
				INFOPLIST_KEY_UISupportedInterfaceOrientations_iPhone = "UIInterfaceOrientationPortrait UIInterfaceOrientationLandscapeLeft UIInterfaceOrientationLandscapeRight";
				LD_RUNPATH_SEARCH_PATHS = (
					"$(inherited)",
					"@executable_path/Frameworks",
				);
				MARKETING_VERSION = 1.0;
				PRODUCT_BUNDLE_IDENTIFIER = "com.aliapps.Pokedex-UIkit";
				PRODUCT_NAME = "$(TARGET_NAME)";
				SWIFT_EMIT_LOC_STRINGS = YES;
				SWIFT_VERSION = 5.0;
				TARGETED_DEVICE_FAMILY = "1,2";
			};
			name = Release;
		};
/* End XCBuildConfiguration section */

/* Begin XCConfigurationList section */
		259A47BB290F59A6009E47A0 /* Build configuration list for PBXProject "Pokedex UIkit" */ = {
			isa = XCConfigurationList;
			buildConfigurations = (
				259A47D2290F59A7009E47A0 /* Debug */,
				259A47D3290F59A7009E47A0 /* Release */,
			);
			defaultConfigurationIsVisible = 0;
			defaultConfigurationName = Release;
		};
		259A47D4290F59A7009E47A0 /* Build configuration list for PBXNativeTarget "Pokedex UIkit" */ = {
			isa = XCConfigurationList;
			buildConfigurations = (
				259A47D5290F59A7009E47A0 /* Debug */,
				259A47D6290F59A7009E47A0 /* Release */,
			);
			defaultConfigurationIsVisible = 0;
			defaultConfigurationName = Release;
		};
/* End XCConfigurationList section */

/* Begin XCRemoteSwiftPackageReference section */
		251E12332911FEE300BE9833 /* XCRemoteSwiftPackageReference "SDWebImage" */ = {
			isa = XCRemoteSwiftPackageReference;
			repositoryURL = "https://github.com/SDWebImage/SDWebImage.git";
			requirement = {
				kind = upToNextMajorVersion;
				minimumVersion = 5.0.0;
			};
		};
/* End XCRemoteSwiftPackageReference section */

/* Begin XCSwiftPackageProductDependency section */
		251E12342911FEE300BE9833 /* SDWebImage */ = {
			isa = XCSwiftPackageProductDependency;
			package = 251E12332911FEE300BE9833 /* XCRemoteSwiftPackageReference "SDWebImage" */;
			productName = SDWebImage;
		};
/* End XCSwiftPackageProductDependency section */
	};
	rootObject = 259A47B8290F59A6009E47A0 /* Project object */;
}
